
Microsoft Visual Studio Solution File, Format Version 12.00
# Visual Studio Version 16
VisualStudioVersion = 16.0.29215.179
MinimumVisualStudioVersion = 10.0.40219.1
Project("{FAE04EC0-301F-11D3-BF4B-00C04F79EFBC}") = "Aelgi.Engine", "Aelgi.Engine\Aelgi.Engine.csproj", "{FFC25F3C-99AF-4E46-9837-ECF7F867FD12}"
EndProject
Global
	GlobalSection(SolutionConfigurationPlatforms) = preSolution
		Debug|Any CPU = Debug|Any CPU
		Release|Any CPU = Release|Any CPU
	EndGlobalSection
	GlobalSection(ProjectConfigurationPlatforms) = postSolution
		{FFC25F3C-99AF-4E46-9837-ECF7F867FD12}.Debug|Any CPU.ActiveCfg = Debug|Any CPU
		{FFC25F3C-99AF-4E46-9837-ECF7F867FD12}.Debug|Any CPU.Build.0 = Debug|Any CPU
		{FFC25F3C-99AF-4E46-9837-ECF7F867FD12}.Release|Any CPU.ActiveCfg = Release|Any CPU
		{FFC25F3C-99AF-4E46-9837-ECF7F867FD12}.Release|Any CPU.Build.0 = Release|Any CPU
	EndGlobalSection
	GlobalSection(SolutionProperties) = preSolution
		HideSolutionNode = FALSE
	EndGlobalSection
	GlobalSection(ExtensibilityGlobals) = postSolution
		SolutionGuid = {E9AE451A-5E20-4627-9DFF-B4362BFF5B3F}
	EndGlobalSection
EndGlobal
